github.com/jessevdk/go-flags v1.4.0 h1:4IU2WS7AumrZ/40jfhf4QVDMsQwqA7VEHozFRrGARJA=
github.com/jessevdk/go-flags v1.4.0/go.mod h1:4FA24M0QyGHXBuZZK/XkWh8h0e1EYbRYJSGM75WSRxI=
github.com/teddywing/go-notifier v0.0.0-20200310234431-5e1b28caa8d8 h1:cl8PbHn7xkcaXINlURo1d2KGMRk0vKEPzKd1mGfBugM=
github.com/teddywing/go-notifier v0.0.0-20200310234431-5e1b28caa8d8/go.mod h1:HYeB+M9E41qThdA+HapliBZjZcMZton2V8HxUZUYBLs=
